// !$*UTF8*$!
{
	archiveVersion = 1;
	classes = {
	};
	objectVersion = 46;
	objects = {

/* Begin PBXBuildFile section */
		2643D4FA37AAC62AB5F50B3F /* Pods.framework in Frameworks */ = {isa = PBXBuildFile; fileRef = DEAFF6623AAA449D05092E4E /* Pods.framework */; };
		814C3ACB1B69877600E307BB /* Images.xcassets in Resources */ = {isa = PBXBuildFile; fileRef = 814C3AC81B69877600E307BB /* Images.xcassets */; };
		81BA814B1A49DA1800E65899 /* AppDelegate.swift in Sources */ = {isa = PBXBuildFile; fileRef = 81BA814A1A49DA1800E65899 /* AppDelegate.swift */; };
		81BA81701A49DB6800E65899 /* Bolts.framework in Frameworks */ = {isa = PBXBuildFile; fileRef = 81BA816B1A49DB6800E65899 /* Bolts.framework */; };
		81BA81711A49DB6800E65899 /* Parse.framework in Frameworks */ = {isa = PBXBuildFile; fileRef = 81BA816C1A49DB6800E65899 /* Parse.framework */; };
		81BA81771A49E0D500E65899 /* libsqlite3.dylib in Frameworks */ = {isa = PBXBuildFile; fileRef = 81BA81761A49E0D500E65899 /* libsqlite3.dylib */; };
		81BA81791A49E0DB00E65899 /* AudioToolbox.framework in Frameworks */ = {isa = PBXBuildFile; fileRef = 81BA81781A49E0DB00E65899 /* AudioToolbox.framework */; };
		81BA817B1A49E0E500E65899 /* SystemConfiguration.framework in Frameworks */ = {isa = PBXBuildFile; fileRef = 81BA817A1A49E0E500E65899 /* SystemConfiguration.framework */; };
		81BA817F1A49E0F000E65899 /* libstdc++.6.dylib in Frameworks */ = {isa = PBXBuildFile; fileRef = 81BA817E1A49E0F000E65899 /* libstdc++.6.dylib */; };
		B52E93491BF8303E00B373D3 /* tabBarControllerViewController.swift in Sources */ = {isa = PBXBuildFile; fileRef = B52E93481BF8303E00B373D3 /* tabBarControllerViewController.swift */; };
		B52E934B1BF832B700B373D3 /* HomeTasksNavigationControllerViewController.swift in Sources */ = {isa = PBXBuildFile; fileRef = B52E934A1BF832B700B373D3 /* HomeTasksNavigationControllerViewController.swift */; };
		B52E934D1BF832D800B373D3 /* MyTasksNavigationControllerViewController.swift in Sources */ = {isa = PBXBuildFile; fileRef = B52E934C1BF832D800B373D3 /* MyTasksNavigationControllerViewController.swift */; };
		B55888991BEE7EC200ACF3A5 /* SignUpViewController.swift in Sources */ = {isa = PBXBuildFile; fileRef = B55888981BEE7EC200ACF3A5 /* SignUpViewController.swift */; };
		B558889F1BEE987E00ACF3A5 /* ParseUI.framework in Frameworks */ = {isa = PBXBuildFile; fileRef = B558889E1BEE987E00ACF3A5 /* ParseUI.framework */; };
		B55888A01BEE989900ACF3A5 /* ParseCrashReporting.framework in Frameworks */ = {isa = PBXBuildFile; fileRef = B558889C1BEE973500ACF3A5 /* ParseCrashReporting.framework */; };
		B55888A21BF0109C00ACF3A5 /* ConfirmationViewController.swift in Sources */ = {isa = PBXBuildFile; fileRef = B55888A11BF0109C00ACF3A5 /* ConfirmationViewController.swift */; };
		B55888A41BF271C100ACF3A5 /* MyTasksViewController.swift in Sources */ = {isa = PBXBuildFile; fileRef = B55888A31BF271C100ACF3A5 /* MyTasksViewController.swift */; };
		B567DF6E1BEC0FB300F31E6D /* MenuViewController.swift in Sources */ = {isa = PBXBuildFile; fileRef = B567DF691BEC0FB300F31E6D /* MenuViewController.swift */; };
		B567DF6F1BEC0FB300F31E6D /* MenuItemTableViewController.swift in Sources */ = {isa = PBXBuildFile; fileRef = B567DF6A1BEC0FB300F31E6D /* MenuItemTableViewController.swift */; };
		B567DF701BEC0FB300F31E6D /* MainNavigationController.swift in Sources */ = {isa = PBXBuildFile; fileRef = B567DF6B1BEC0FB300F31E6D /* MainNavigationController.swift */; };
		B567DF711BEC0FB300F31E6D /* ContainerViewController.swift in Sources */ = {isa = PBXBuildFile; fileRef = B567DF6C1BEC0FB300F31E6D /* ContainerViewController.swift */; };
		B567DF7B1BEC0FBC00F31E6D /* SampleData.swift in Sources */ = {isa = PBXBuildFile; fileRef = B567DF721BEC0FBC00F31E6D /* SampleData.swift */; };
		B567DF7C1BEC0FBC00F31E6D /* SecondViewController.swift in Sources */ = {isa = PBXBuildFile; fileRef = B567DF731BEC0FBC00F31E6D /* SecondViewController.swift */; };
		B567DF7D1BEC0FBC00F31E6D /* Main.storyboard in Resources */ = {isa = PBXBuildFile; fileRef = B567DF741BEC0FBC00F31E6D /* Main.storyboard */; };
		B567DF7E1BEC0FBC00F31E6D /* RequestFormViewController.swift in Sources */ = {isa = PBXBuildFile; fileRef = B567DF751BEC0FBC00F31E6D /* RequestFormViewController.swift */; };
		B567DF7F1BEC0FBC00F31E6D /* MainViewController.swift in Sources */ = {isa = PBXBuildFile; fileRef = B567DF761BEC0FBC00F31E6D /* MainViewController.swift */; };
		B567DF801BEC0FBC00F31E6D /* LoginViewController.swift in Sources */ = {isa = PBXBuildFile; fileRef = B567DF771BEC0FBC00F31E6D /* LoginViewController.swift */; };
		B567DF811BEC0FBC00F31E6D /* HomeViewController.swift in Sources */ = {isa = PBXBuildFile; fileRef = B567DF781BEC0FBC00F31E6D /* HomeViewController.swift */; };
		B567DF821BEC0FBC00F31E6D /* Task.swift in Sources */ = {isa = PBXBuildFile; fileRef = B567DF791BEC0FBC00F31E6D /* Task.swift */; };
		B567DF831BEC0FBC00F31E6D /* User.swift in Sources */ = {isa = PBXBuildFile; fileRef = B567DF7A1BEC0FBC00F31E6D /* User.swift */; };
		B59A68B51BF3DA2500565A87 /* FloatRatingView.swift in Sources */ = {isa = PBXBuildFile; fileRef = B59A68B41BF3DA2500565A87 /* FloatRatingView.swift */; };
		B5CE33DA1BF7FF78003A166D /* DesignHelper.swift in Sources */ = {isa = PBXBuildFile; fileRef = B5CE33D91BF7FF78003A166D /* DesignHelper.swift */; };
		C00D094B1BF81CFA00E93B97 /* NotificationsViewController.swift in Sources */ = {isa = PBXBuildFile; fileRef = C00D094A1BF81CFA00E93B97 /* NotificationsViewController.swift */; };
		C04B68791BEE68F500EE3A41 /* ProfileViewController.swift in Sources */ = {isa = PBXBuildFile; fileRef = C04B68781BEE68F500EE3A41 /* ProfileViewController.swift */; };
		C0B167491C459C3400BC045C /* PayViewController.swift in Sources */ = {isa = PBXBuildFile; fileRef = C0B167481C459C3400BC045C /* PayViewController.swift */; };
		C0DE8EE61C458B5F00714EFB /* (null) in Sources */ = {isa = PBXBuildFile; };
/* End PBXBuildFile section */

/* Begin PBXFileReference section */
		319BCD9A1D9C9C4C72A0B82F /* Pods.debug.xcconfig */ = {isa = PBXFileReference; includeInIndex = 1; lastKnownFileType = text.xcconfig; name = Pods.debug.xcconfig; path = "Pods/Target Support Files/Pods/Pods.debug.xcconfig"; sourceTree = "<group>"; };
		814C3AC81B69877600E307BB /* Images.xcassets */ = {isa = PBXFileReference; lastKnownFileType = folder.assetcatalog; path = Images.xcassets; sourceTree = "<group>"; };
		814C3AC91B69877600E307BB /* Info.plist */ = {isa = PBXFileReference; fileEncoding = 4; lastKnownFileType = text.plist.xml; path = Info.plist; sourceTree = "<group>"; };
		81BA81451A49DA1800E65899 /* atnow-iOS.app */ = {isa = PBXFileReference; explicitFileType = wrapper.application; includeInIndex = 0; path = "atnow-iOS.app"; sourceTree = BUILT_PRODUCTS_DIR; };
		81BA814A1A49DA1800E65899 /* AppDelegate.swift */ = {isa = PBXFileReference; lastKnownFileType = sourcecode.swift; path = AppDelegate.swift; sourceTree = "<group>"; };
		81BA816B1A49DB6800E65899 /* Bolts.framework */ = {isa = PBXFileReference; lastKnownFileType = wrapper.framework; path = Bolts.framework; sourceTree = "<group>"; };
		81BA816C1A49DB6800E65899 /* Parse.framework */ = {isa = PBXFileReference; lastKnownFileType = wrapper.framework; path = Parse.framework; sourceTree = "<group>"; };
		81BA81761A49E0D500E65899 /* libsqlite3.dylib */ = {isa = PBXFileReference; lastKnownFileType = "compiled.mach-o.dylib"; name = libsqlite3.dylib; path = usr/lib/libsqlite3.dylib; sourceTree = SDKROOT; };
		81BA81781A49E0DB00E65899 /* AudioToolbox.framework */ = {isa = PBXFileReference; lastKnownFileType = wrapper.framework; name = AudioToolbox.framework; path = System/Library/Frameworks/AudioToolbox.framework; sourceTree = SDKROOT; };
		81BA817A1A49E0E500E65899 /* SystemConfiguration.framework */ = {isa = PBXFileReference; lastKnownFileType = wrapper.framework; name = SystemConfiguration.framework; path = System/Library/Frameworks/SystemConfiguration.framework; sourceTree = SDKROOT; };
		81BA817E1A49E0F000E65899 /* libstdc++.6.dylib */ = {isa = PBXFileReference; lastKnownFileType = "compiled.mach-o.dylib"; name = "libstdc++.6.dylib"; path = "usr/lib/libstdc++.6.dylib"; sourceTree = SDKROOT; };
		B52E93481BF8303E00B373D3 /* tabBarControllerViewController.swift */ = {isa = PBXFileReference; fileEncoding = 4; lastKnownFileType = sourcecode.swift; name = tabBarControllerViewController.swift; path = ../tabBarControllerViewController.swift; sourceTree = "<group>"; };
		B52E934A1BF832B700B373D3 /* HomeTasksNavigationControllerViewController.swift */ = {isa = PBXFileReference; fileEncoding = 4; lastKnownFileType = sourcecode.swift; path = HomeTasksNavigationControllerViewController.swift; sourceTree = "<group>"; };
		B52E934C1BF832D800B373D3 /* MyTasksNavigationControllerViewController.swift */ = {isa = PBXFileReference; fileEncoding = 4; lastKnownFileType = sourcecode.swift; path = MyTasksNavigationControllerViewController.swift; sourceTree = "<group>"; };
		B55888981BEE7EC200ACF3A5 /* SignUpViewController.swift */ = {isa = PBXFileReference; fileEncoding = 4; lastKnownFileType = sourcecode.swift; path = SignUpViewController.swift; sourceTree = "<group>"; };
		B558889C1BEE973500ACF3A5 /* ParseCrashReporting.framework */ = {isa = PBXFileReference; lastKnownFileType = wrapper.framework; path = ParseCrashReporting.framework; sourceTree = "<group>"; };
		B558889E1BEE987E00ACF3A5 /* ParseUI.framework */ = {isa = PBXFileReference; lastKnownFileType = wrapper.framework; path = ParseUI.framework; sourceTree = "<group>"; };
		B55888A11BF0109C00ACF3A5 /* ConfirmationViewController.swift */ = {isa = PBXFileReference; fileEncoding = 4; lastKnownFileType = sourcecode.swift; path = ConfirmationViewController.swift; sourceTree = "<group>"; };
		B55888A31BF271C100ACF3A5 /* MyTasksViewController.swift */ = {isa = PBXFileReference; fileEncoding = 4; lastKnownFileType = sourcecode.swift; path = MyTasksViewController.swift; sourceTree = "<group>"; };
		B567DF691BEC0FB300F31E6D /* MenuViewController.swift */ = {isa = PBXFileReference; fileEncoding = 4; lastKnownFileType = sourcecode.swift; path = MenuViewController.swift; sourceTree = "<group>"; };
		B567DF6A1BEC0FB300F31E6D /* MenuItemTableViewController.swift */ = {isa = PBXFileReference; fileEncoding = 4; lastKnownFileType = sourcecode.swift; path = MenuItemTableViewController.swift; sourceTree = "<group>"; };
		B567DF6B1BEC0FB300F31E6D /* MainNavigationController.swift */ = {isa = PBXFileReference; fileEncoding = 4; lastKnownFileType = sourcecode.swift; path = MainNavigationController.swift; sourceTree = "<group>"; };
		B567DF6C1BEC0FB300F31E6D /* ContainerViewController.swift */ = {isa = PBXFileReference; fileEncoding = 4; lastKnownFileType = sourcecode.swift; path = ContainerViewController.swift; sourceTree = "<group>"; };
		B567DF6D1BEC0FB300F31E6D /* now-Bridging-Header.h */ = {isa = PBXFileReference; fileEncoding = 4; lastKnownFileType = sourcecode.c.h; path = "now-Bridging-Header.h"; sourceTree = "<group>"; };
		B567DF721BEC0FBC00F31E6D /* SampleData.swift */ = {isa = PBXFileReference; fileEncoding = 4; lastKnownFileType = sourcecode.swift; path = SampleData.swift; sourceTree = "<group>"; };
		B567DF731BEC0FBC00F31E6D /* SecondViewController.swift */ = {isa = PBXFileReference; fileEncoding = 4; lastKnownFileType = sourcecode.swift; path = SecondViewController.swift; sourceTree = "<group>"; };
		B567DF741BEC0FBC00F31E6D /* Main.storyboard */ = {isa = PBXFileReference; fileEncoding = 4; lastKnownFileType = file.storyboard; path = Main.storyboard; sourceTree = "<group>"; };
		B567DF751BEC0FBC00F31E6D /* RequestFormViewController.swift */ = {isa = PBXFileReference; fileEncoding = 4; lastKnownFileType = sourcecode.swift; path = RequestFormViewController.swift; sourceTree = "<group>"; };
		B567DF761BEC0FBC00F31E6D /* MainViewController.swift */ = {isa = PBXFileReference; fileEncoding = 4; lastKnownFileType = sourcecode.swift; path = MainViewController.swift; sourceTree = "<group>"; };
		B567DF771BEC0FBC00F31E6D /* LoginViewController.swift */ = {isa = PBXFileReference; fileEncoding = 4; lastKnownFileType = sourcecode.swift; path = LoginViewController.swift; sourceTree = "<group>"; };
		B567DF781BEC0FBC00F31E6D /* HomeViewController.swift */ = {isa = PBXFileReference; fileEncoding = 4; lastKnownFileType = sourcecode.swift; path = HomeViewController.swift; sourceTree = "<group>"; };
		B567DF791BEC0FBC00F31E6D /* Task.swift */ = {isa = PBXFileReference; fileEncoding = 4; lastKnownFileType = sourcecode.swift; path = Task.swift; sourceTree = "<group>"; };
		B567DF7A1BEC0FBC00F31E6D /* User.swift */ = {isa = PBXFileReference; fileEncoding = 4; lastKnownFileType = sourcecode.swift; path = User.swift; sourceTree = "<group>"; };
		B59A68B41BF3DA2500565A87 /* FloatRatingView.swift */ = {isa = PBXFileReference; fileEncoding = 4; lastKnownFileType = sourcecode.swift; path = FloatRatingView.swift; sourceTree = "<group>"; };
		B5CE33D91BF7FF78003A166D /* DesignHelper.swift */ = {isa = PBXFileReference; fileEncoding = 4; lastKnownFileType = sourcecode.swift; path = DesignHelper.swift; sourceTree = "<group>"; };
		C00D094A1BF81CFA00E93B97 /* NotificationsViewController.swift */ = {isa = PBXFileReference; fileEncoding = 4; lastKnownFileType = sourcecode.swift; path = NotificationsViewController.swift; sourceTree = "<group>"; };
		C04B68781BEE68F500EE3A41 /* ProfileViewController.swift */ = {isa = PBXFileReference; fileEncoding = 4; lastKnownFileType = sourcecode.swift; path = ProfileViewController.swift; sourceTree = "<group>"; };
		C0B167481C459C3400BC045C /* PayViewController.swift */ = {isa = PBXFileReference; fileEncoding = 4; lastKnownFileType = sourcecode.swift; path = PayViewController.swift; sourceTree = "<group>"; };
		DEAFF6623AAA449D05092E4E /* Pods.framework */ = {isa = PBXFileReference; explicitFileType = wrapper.framework; includeInIndex = 0; path = Pods.framework; sourceTree = BUILT_PRODUCTS_DIR; };
		E3293BF138AA72421D44702E /* Pods.release.xcconfig */ = {isa = PBXFileReference; includeInIndex = 1; lastKnownFileType = text.xcconfig; name = Pods.release.xcconfig; path = "Pods/Target Support Files/Pods/Pods.release.xcconfig"; sourceTree = "<group>"; };
/* End PBXFileReference section */

/* Begin PBXFrameworksBuildPhase section */
		81BA81421A49DA1800E65899 /* Frameworks */ = {
			isa = PBXFrameworksBuildPhase;
			buildActionMask = 2147483647;
			files = (
				B55888A01BEE989900ACF3A5 /* ParseCrashReporting.framework in Frameworks */,
				B558889F1BEE987E00ACF3A5 /* ParseUI.framework in Frameworks */,
				81BA817F1A49E0F000E65899 /* libstdc++.6.dylib in Frameworks */,
				81BA817B1A49E0E500E65899 /* SystemConfiguration.framework in Frameworks */,
				81BA81791A49E0DB00E65899 /* AudioToolbox.framework in Frameworks */,
				81BA81771A49E0D500E65899 /* libsqlite3.dylib in Frameworks */,
				81BA81711A49DB6800E65899 /* Parse.framework in Frameworks */,
				81BA81701A49DB6800E65899 /* Bolts.framework in Frameworks */,
				2643D4FA37AAC62AB5F50B3F /* Pods.framework in Frameworks */,
			);
			runOnlyForDeploymentPostprocessing = 0;
		};
/* End PBXFrameworksBuildPhase section */

/* Begin PBXGroup section */
		814C3AC51B69877600E307BB /* Resources */ = {
			isa = PBXGroup;
			children = (
				814C3AC81B69877600E307BB /* Images.xcassets */,
				814C3AC91B69877600E307BB /* Info.plist */,
			);
			path = Resources;
			sourceTree = "<group>";
		};
		81BA813C1A49DA1800E65899 = {
			isa = PBXGroup;
			children = (
				81BA81471A49DA1800E65899 /* ParseStarterProject */,
				814C3AC51B69877600E307BB /* Resources */,
				81BA816A1A49DB5600E65899 /* Frameworks */,
				81BA81461A49DA1800E65899 /* Products */,
				A8095DDC4BC52056CB612230 /* Pods */,
			);
			sourceTree = "<group>";
		};
		81BA81461A49DA1800E65899 /* Products */ = {
			isa = PBXGroup;
			children = (
				81BA81451A49DA1800E65899 /* atnow-iOS.app */,
			);
			name = Products;
			sourceTree = "<group>";
		};
		81BA81471A49DA1800E65899 /* ParseStarterProject */ = {
			isa = PBXGroup;
			children = (
				B52E93481BF8303E00B373D3 /* tabBarControllerViewController.swift */,
				B52E934A1BF832B700B373D3 /* HomeTasksNavigationControllerViewController.swift */,
				B52E934C1BF832D800B373D3 /* MyTasksNavigationControllerViewController.swift */,
				B59A68B41BF3DA2500565A87 /* FloatRatingView.swift */,
				C0B167481C459C3400BC045C /* PayViewController.swift */,
				B567DF721BEC0FBC00F31E6D /* SampleData.swift */,
				B567DF731BEC0FBC00F31E6D /* SecondViewController.swift */,
				B567DF741BEC0FBC00F31E6D /* Main.storyboard */,
				C04B68781BEE68F500EE3A41 /* ProfileViewController.swift */,
				B567DF751BEC0FBC00F31E6D /* RequestFormViewController.swift */,
				B567DF761BEC0FBC00F31E6D /* MainViewController.swift */,
				B567DF771BEC0FBC00F31E6D /* LoginViewController.swift */,
				B5CE33D91BF7FF78003A166D /* DesignHelper.swift */,
				B55888981BEE7EC200ACF3A5 /* SignUpViewController.swift */,
				B567DF781BEC0FBC00F31E6D /* HomeViewController.swift */,
				B55888A31BF271C100ACF3A5 /* MyTasksViewController.swift */,
				B55888A11BF0109C00ACF3A5 /* ConfirmationViewController.swift */,
				B567DF791BEC0FBC00F31E6D /* Task.swift */,
				B567DF7A1BEC0FBC00F31E6D /* User.swift */,
				B567DF691BEC0FB300F31E6D /* MenuViewController.swift */,
				B567DF6A1BEC0FB300F31E6D /* MenuItemTableViewController.swift */,
				B567DF6B1BEC0FB300F31E6D /* MainNavigationController.swift */,
				B567DF6C1BEC0FB300F31E6D /* ContainerViewController.swift */,
				B567DF6D1BEC0FB300F31E6D /* now-Bridging-Header.h */,
				81BA814A1A49DA1800E65899 /* AppDelegate.swift */,
				C00D094A1BF81CFA00E93B97 /* NotificationsViewController.swift */,
			);
			path = ParseStarterProject;
			sourceTree = "<group>";
		};
		81BA816A1A49DB5600E65899 /* Frameworks */ = {
			isa = PBXGroup;
			children = (
				B558889E1BEE987E00ACF3A5 /* ParseUI.framework */,
				B558889C1BEE973500ACF3A5 /* ParseCrashReporting.framework */,
				81BA816B1A49DB6800E65899 /* Bolts.framework */,
				81BA816C1A49DB6800E65899 /* Parse.framework */,
				81BA81751A49E0C500E65899 /* System Frameworks */,
				DEAFF6623AAA449D05092E4E /* Pods.framework */,
			);
			name = Frameworks;
			sourceTree = "<group>";
		};
		81BA81751A49E0C500E65899 /* System Frameworks */ = {
			isa = PBXGroup;
			children = (
				81BA817E1A49E0F000E65899 /* libstdc++.6.dylib */,
				81BA817A1A49E0E500E65899 /* SystemConfiguration.framework */,
				81BA81781A49E0DB00E65899 /* AudioToolbox.framework */,
				81BA81761A49E0D500E65899 /* libsqlite3.dylib */,
			);
			name = "System Frameworks";
			sourceTree = "<group>";
		};
		A8095DDC4BC52056CB612230 /* Pods */ = {
			isa = PBXGroup;
			children = (
				319BCD9A1D9C9C4C72A0B82F /* Pods.debug.xcconfig */,
				E3293BF138AA72421D44702E /* Pods.release.xcconfig */,
			);
			name = Pods;
			sourceTree = "<group>";
		};
/* End PBXGroup section */

/* Begin PBXNativeTarget section */
		81BA81441A49DA1800E65899 /* atnow-iOS */ = {
			isa = PBXNativeTarget;
			buildConfigurationList = 81BA81641A49DA1800E65899 /* Build configuration list for PBXNativeTarget "atnow-iOS" */;
			buildPhases = (
				8033E6299D7775F480F809D7 /* Check Pods Manifest.lock */,
				81BA81411A49DA1800E65899 /* Sources */,
				81BA81421A49DA1800E65899 /* Frameworks */,
				81BA81431A49DA1800E65899 /* Resources */,
				81CC85E11A49F6D40076DE19 /* Upload Symbol Files */,
				368D8E3161BE4010AAE57D68 /* Embed Pods Frameworks */,
				B709F78F425EEDFD910C19C5 /* Copy Pods Resources */,
			);
			buildRules = (
			);
			dependencies = (
			);
			name = "atnow-iOS";
			productName = ParseStarterProject;
			productReference = 81BA81451A49DA1800E65899 /* atnow-iOS.app */;
			productType = "com.apple.product-type.application";
		};
/* End PBXNativeTarget section */

/* Begin PBXProject section */
		81BA813D1A49DA1800E65899 /* Project object */ = {
			isa = PBXProject;
			attributes = {
				LastSwiftUpdateCheck = 0700;
				LastUpgradeCheck = 0710;
				ORGANIZATIONNAME = Parse;
				TargetAttributes = {
					81BA81441A49DA1800E65899 = {
						CreatedOnToolsVersion = 6.1.1;
						DevelopmentTeam = 7XFNV3AD43;
					};
				};
			};
			buildConfigurationList = 81BA81401A49DA1800E65899 /* Build configuration list for PBXProject "atnow-iOS" */;
			compatibilityVersion = "Xcode 3.2";
			developmentRegion = English;
			hasScannedForEncodings = 0;
			knownRegions = (
				en,
				Base,
			);
			mainGroup = 81BA813C1A49DA1800E65899;
			productRefGroup = 81BA81461A49DA1800E65899 /* Products */;
			projectDirPath = "";
			projectRoot = "";
			targets = (
				81BA81441A49DA1800E65899 /* atnow-iOS */,
			);
		};
/* End PBXProject section */

/* Begin PBXResourcesBuildPhase section */
		81BA81431A49DA1800E65899 /* Resources */ = {
			isa = PBXResourcesBuildPhase;
			buildActionMask = 2147483647;
			files = (
				814C3ACB1B69877600E307BB /* Images.xcassets in Resources */,
				B567DF7D1BEC0FBC00F31E6D /* Main.storyboard in Resources */,
			);
			runOnlyForDeploymentPostprocessing = 0;
		};
/* End PBXResourcesBuildPhase section */

/* Begin PBXShellScriptBuildPhase section */
		368D8E3161BE4010AAE57D68 /* Embed Pods Frameworks */ = {
			isa = PBXShellScriptBuildPhase;
			buildActionMask = 2147483647;
			files = (
			);
			inputPaths = (
			);
			name = "Embed Pods Frameworks";
			outputPaths = (
			);
			runOnlyForDeploymentPostprocessing = 0;
			shellPath = /bin/sh;
			shellScript = "\"${SRCROOT}/Pods/Target Support Files/Pods/Pods-frameworks.sh\"\n";
			showEnvVarsInLog = 0;
		};
		8033E6299D7775F480F809D7 /* Check Pods Manifest.lock */ = {
			isa = PBXShellScriptBuildPhase;
			buildActionMask = 2147483647;
			files = (
			);
			inputPaths = (
			);
			name = "Check Pods Manifest.lock";
			outputPaths = (
			);
			runOnlyForDeploymentPostprocessing = 0;
			shellPath = /bin/sh;
			shellScript = "diff \"${PODS_ROOT}/../Podfile.lock\" \"${PODS_ROOT}/Manifest.lock\" > /dev/null\nif [[ $? != 0 ]] ; then\n    cat << EOM\nerror: The sandbox is not in sync with the Podfile.lock. Run 'pod install' or update your CocoaPods installation.\nEOM\n    exit 1\nfi\n";
			showEnvVarsInLog = 0;
		};
		81CC85E11A49F6D40076DE19 /* Upload Symbol Files */ = {
			isa = PBXShellScriptBuildPhase;
			buildActionMask = 2147483647;
			files = (
			);
			inputPaths = (
			);
			name = "Upload Symbol Files";
			outputPaths = (
			);
			runOnlyForDeploymentPostprocessing = 0;
			shellPath = /bin/sh;
			shellScript = "# This script will upload symbol files for your application,\n# so all your crash reports are going to be symbolicated\n\n# Important!\n# Before using the script, please initialize CloudCode folder and replace <path_to_cloudcode_folder> with the path to it\n#\n# Read more on Parse.com - https://parse.com/apps/quickstart#analytics/crashreporting/ios/\n############################################################\n\n\n# export PATH=/usr/local/bin:$PATH\n# cd <path_to_cloudcode_folder>\n\n# parse symbols -p \"${DWARF_DSYM_FOLDER_PATH}/${DWARF_DSYM_FILE_NAME}\"\n";
		};
		B709F78F425EEDFD910C19C5 /* Copy Pods Resources */ = {
			isa = PBXShellScriptBuildPhase;
			buildActionMask = 2147483647;
			files = (
			);
			inputPaths = (
			);
			name = "Copy Pods Resources";
			outputPaths = (
			);
			runOnlyForDeploymentPostprocessing = 0;
			shellPath = /bin/sh;
			shellScript = "\"${SRCROOT}/Pods/Target Support Files/Pods/Pods-resources.sh\"\n";
			showEnvVarsInLog = 0;
		};
/* End PBXShellScriptBuildPhase section */

/* Begin PBXSourcesBuildPhase section */
		81BA81411A49DA1800E65899 /* Sources */ = {
			isa = PBXSourcesBuildPhase;
			buildActionMask = 2147483647;
			files = (
				C00D094B1BF81CFA00E93B97 /* NotificationsViewController.swift in Sources */,
				C0B167491C459C3400BC045C /* PayViewController.swift in Sources */,
				C0DE8EE61C458B5F00714EFB /* (null) in Sources */,
				B55888A41BF271C100ACF3A5 /* MyTasksViewController.swift in Sources */,
				B52E93491BF8303E00B373D3 /* tabBarControllerViewController.swift in Sources */,
				B567DF831BEC0FBC00F31E6D /* User.swift in Sources */,
				81BA814B1A49DA1800E65899 /* AppDelegate.swift in Sources */,
				B567DF7B1BEC0FBC00F31E6D /* SampleData.swift in Sources */,
				B567DF6F1BEC0FB300F31E6D /* MenuItemTableViewController.swift in Sources */,
				C04B68791BEE68F500EE3A41 /* ProfileViewController.swift in Sources */,
				B5CE33DA1BF7FF78003A166D /* DesignHelper.swift in Sources */,
				B59A68B51BF3DA2500565A87 /* FloatRatingView.swift in Sources */,
				B567DF711BEC0FB300F31E6D /* ContainerViewController.swift in Sources */,
				B55888A21BF0109C00ACF3A5 /* ConfirmationViewController.swift in Sources */,
				B52E934B1BF832B700B373D3 /* HomeTasksNavigationControllerViewController.swift in Sources */,
				B567DF821BEC0FBC00F31E6D /* Task.swift in Sources */,
				B52E934D1BF832D800B373D3 /* MyTasksNavigationControllerViewController.swift in Sources */,
				B567DF7C1BEC0FBC00F31E6D /* SecondViewController.swift in Sources */,
				B567DF701BEC0FB300F31E6D /* MainNavigationController.swift in Sources */,
				B55888991BEE7EC200ACF3A5 /* SignUpViewController.swift in Sources */,
				B567DF7F1BEC0FBC00F31E6D /* MainViewController.swift in Sources */,
				B567DF811BEC0FBC00F31E6D /* HomeViewController.swift in Sources */,
				B567DF7E1BEC0FBC00F31E6D /* RequestFormViewController.swift in Sources */,
				B567DF801BEC0FBC00F31E6D /* LoginViewController.swift in Sources */,
				B567DF6E1BEC0FB300F31E6D /* MenuViewController.swift in Sources */,
			);
			runOnlyForDeploymentPostprocessing = 0;
		};
/* End PBXSourcesBuildPhase section */

/* Begin XCBuildConfiguration section */
		81BA81621A49DA1800E65899 /* Debug */ = {
			isa = XCBuildConfiguration;
			buildSettings = {
				ALWAYS_SEARCH_USER_PATHS = NO;
				CLANG_CXX_LANGUAGE_STANDARD = "gnu++0x";
				CLANG_CXX_LIBRARY = "libc++";
				CLANG_ENABLE_MODULES = YES;
				CLANG_ENABLE_OBJC_ARC = YES;
				CLANG_WARN_BOOL_CONVERSION = YES;
				CLANG_WARN_CONSTANT_CONVERSION = YES;
				CLANG_WARN_DIRECT_OBJC_ISA_USAGE = YES_ERROR;
				CLANG_WARN_EMPTY_BODY = YES;
				CLANG_WARN_ENUM_CONVERSION = YES;
				CLANG_WARN_INT_CONVERSION = YES;
				CLANG_WARN_OBJC_ROOT_CLASS = YES_ERROR;
				CLANG_WARN_UNREACHABLE_CODE = YES;
				CLANG_WARN__DUPLICATE_METHOD_MATCH = YES;
				"CODE_SIGN_IDENTITY[sdk=iphoneos*]" = "iPhone Developer";
				COPY_PHASE_STRIP = NO;
				ENABLE_STRICT_OBJC_MSGSEND = YES;
				GCC_C_LANGUAGE_STANDARD = gnu99;
				GCC_DYNAMIC_NO_PIC = NO;
				GCC_OPTIMIZATION_LEVEL = 0;
				GCC_PREPROCESSOR_DEFINITIONS = (
					"DEBUG=1",
					"$(inherited)",
				);
				GCC_SYMBOLS_PRIVATE_EXTERN = NO;
				GCC_WARN_64_TO_32_BIT_CONVERSION = YES;
				GCC_WARN_ABOUT_RETURN_TYPE = YES_ERROR;
				GCC_WARN_UNDECLARED_SELECTOR = YES;
				GCC_WARN_UNINITIALIZED_AUTOS = YES_AGGRESSIVE;
				GCC_WARN_UNUSED_FUNCTION = YES;
				GCC_WARN_UNUSED_VARIABLE = YES;
				IPHONEOS_DEPLOYMENT_TARGET = 7.0;
				MTL_ENABLE_DEBUG_INFO = YES;
				ONLY_ACTIVE_ARCH = YES;
				SDKROOT = iphoneos;
				SWIFT_OPTIMIZATION_LEVEL = "-Onone";
				TARGETED_DEVICE_FAMILY = "1,2";
			};
			name = Debug;
		};
		81BA81631A49DA1800E65899 /* Release */ = {
			isa = XCBuildConfiguration;
			buildSettings = {
				ALWAYS_SEARCH_USER_PATHS = NO;
				CLANG_CXX_LANGUAGE_STANDARD = "gnu++0x";
				CLANG_CXX_LIBRARY = "libc++";
				CLANG_ENABLE_MODULES = YES;
				CLANG_ENABLE_OBJC_ARC = YES;
				CLANG_WARN_BOOL_CONVERSION = YES;
				CLANG_WARN_CONSTANT_CONVERSION = YES;
				CLANG_WARN_DIRECT_OBJC_ISA_USAGE = YES_ERROR;
				CLANG_WARN_EMPTY_BODY = YES;
				CLANG_WARN_ENUM_CONVERSION = YES;
				CLANG_WARN_INT_CONVERSION = YES;
				CLANG_WARN_OBJC_ROOT_CLASS = YES_ERROR;
				CLANG_WARN_UNREACHABLE_CODE = YES;
				CLANG_WARN__DUPLICATE_METHOD_MATCH = YES;
				"CODE_SIGN_IDENTITY[sdk=iphoneos*]" = "iPhone Developer";
				COPY_PHASE_STRIP = YES;
				ENABLE_NS_ASSERTIONS = NO;
				ENABLE_STRICT_OBJC_MSGSEND = YES;
				GCC_C_LANGUAGE_STANDARD = gnu99;
				GCC_WARN_64_TO_32_BIT_CONVERSION = YES;
				GCC_WARN_ABOUT_RETURN_TYPE = YES_ERROR;
				GCC_WARN_UNDECLARED_SELECTOR = YES;
				GCC_WARN_UNINITIALIZED_AUTOS = YES_AGGRESSIVE;
				GCC_WARN_UNUSED_FUNCTION = YES;
				GCC_WARN_UNUSED_VARIABLE = YES;
				IPHONEOS_DEPLOYMENT_TARGET = 7.0;
				MTL_ENABLE_DEBUG_INFO = NO;
				SDKROOT = iphoneos;
				TARGETED_DEVICE_FAMILY = "1,2";
				VALIDATE_PRODUCT = YES;
			};
			name = Release;
		};
		81BA81651A49DA1800E65899 /* Debug */ = {
			isa = XCBuildConfiguration;
			baseConfigurationReference = 319BCD9A1D9C9C4C72A0B82F /* Pods.debug.xcconfig */;
			buildSettings = {
				ASSETCATALOG_COMPILER_APPICON_NAME = AppIcon;
				ASSETCATALOG_COMPILER_LAUNCHIMAGE_NAME = LaunchImage;
				CODE_SIGN_IDENTITY = "iPhone Developer";
				"CODE_SIGN_IDENTITY[sdk=iphoneos*]" = "iPhone Developer";
				EMBEDDED_CONTENT_CONTAINS_SWIFT = NO;
				FRAMEWORK_SEARCH_PATHS = (
					"$(inherited)",
					"$(PROJECT_DIR)",
				);
				INFOPLIST_FILE = Resources/Info.plist;
				IPHONEOS_DEPLOYMENT_TARGET = 9.0;
				LD_RUNPATH_SEARCH_PATHS = "$(inherited) @executable_path/Frameworks";
				PRODUCT_NAME = "atnow-iOS";
				PROVISIONING_PROFILE = "";
				TARGETED_DEVICE_FAMILY = "1,2";
			};
			name = Debug;
		};
		81BA81661A49DA1800E65899 /* Release */ = {
			isa = XCBuildConfiguration;
			baseConfigurationReference = E3293BF138AA72421D44702E /* Pods.release.xcconfig */;
			buildSettings = {
				ASSETCATALOG_COMPILER_APPICON_NAME = AppIcon;
				ASSETCATALOG_COMPILER_LAUNCHIMAGE_NAME = LaunchImage;
				CODE_SIGN_IDENTITY = "iPhone Developer";
				"CODE_SIGN_IDENTITY[sdk=iphoneos*]" = "iPhone Developer";
				EMBEDDED_CONTENT_CONTAINS_SWIFT = NO;
				FRAMEWORK_SEARCH_PATHS = (
					"$(inherited)",
					"$(PROJECT_DIR)",
				);
				INFOPLIST_FILE = Resources/Info.plist;
				IPHONEOS_DEPLOYMENT_TARGET = 9.0;
				LD_RUNPATH_SEARCH_PATHS = "$(inherited) @executable_path/Frameworks";
				PRODUCT_NAME = "atnow-iOS";
				PROVISIONING_PROFILE = "";
				TARGETED_DEVICE_FAMILY = "1,2";
			};
			name = Release;
		};
/* End XCBuildConfiguration section */

/* Begin XCConfigurationList section */
		81BA81401A49DA1800E65899 /* Build configuration list for PBXProject "atnow-iOS" */ = {
			isa = XCConfigurationList;
			buildConfigurations = (
				81BA81621A49DA1800E65899 /* Debug */,
				81BA81631A49DA1800E65899 /* Release */,
			);
			defaultConfigurationIsVisible = 0;
			defaultConfigurationName = Release;
		};
		81BA81641A49DA1800E65899 /* Build configuration list for PBXNativeTarget "atnow-iOS" */ = {
			isa = XCConfigurationList;
			buildConfigurations = (
				81BA81651A49DA1800E65899 /* Debug */,
				81BA81661A49DA1800E65899 /* Release */,
			);
			defaultConfigurationIsVisible = 0;
			defaultConfigurationName = Release;
		};
/* End XCConfigurationList section */
	};
	rootObject = 81BA813D1A49DA1800E65899 /* Project object */;
}
